
Microsoft Visual Studio Solution File, Format Version 12.00
# Visual Studio Version 17
VisualStudioVersion = 17.9.34728.123
MinimumVisualStudioVersion = 10.0.40219.1
Project("{FAE04EC0-301F-11D3-BF4B-00C04F79EFBC}") = "ParcelDeliveryService", "ParcelDeliveryService.csproj", "{DF4AF103-0FBA-407E-8ADE-0425984F6C72}"
EndProject
Global
	GlobalSection(SolutionConfigurationPlatforms) = preSolution
		Debug|Any CPU = Debug|Any CPU
		Release|Any CPU = Release|Any CPU
	EndGlobalSection
	GlobalSection(ProjectConfigurationPlatforms) = postSolution
		{DF4AF103-0FBA-407E-8ADE-0425984F6C72}.Debug|Any CPU.ActiveCfg = Debug|Any CPU
		{DF4AF103-0FBA-407E-8ADE-0425984F6C72}.Debug|Any CPU.Build.0 = Debug|Any CPU
		{DF4AF103-0FBA-407E-8ADE-0425984F6C72}.Release|Any CPU.ActiveCfg = Release|Any CPU
		{DF4AF103-0FBA-407E-8ADE-0425984F6C72}.Release|Any CPU.Build.0 = Release|Any CPU
	EndGlobalSection
	GlobalSection(SolutionProperties) = preSolution
		HideSolutionNode = FALSE
	EndGlobalSection
	GlobalSection(ExtensibilityGlobals) = postSolution
		SolutionGuid = {63893378-0188-4E71-BB4E-EEF0CB73E3FC}
	EndGlobalSection
EndGlobal
